{
  "name": "material-components-web",
  "version": "1.0.1",
  "lockfileVersion": 1,
  "requires": true,
  "dependencies": {
    "@mongol/animation": {
      "version": "1.0.0",
      "requires": {
        "tslib": "^1.9.3"
      }
    },
    "@mongol/auto-init": {
      "version": "1.0.0",
      "requires": {
        "tslib": "^1.9.3"
      }
    },
    "@mongol/base": {
      "version": "1.0.0",
      "requires": {
        "tslib": "^1.9.3"
      }
    },
    "@mongol/button": {
      "version": "1.0.1"
    },
    "@mongol/card": {
      "version": "1.0.1"
    },
    "@mongol/checkbox": {
      "version": "1.0.1",
      "requires": {
        "tslib": "^1.9.3"
      }
    },
    "@mongol/chips": {
      "version": "1.0.1",
      "requires": {
        "tslib": "^1.9.3"
      }
    },
    "@mongol/dialog": {
      "version": "1.0.1",
      "requires": {
        "focus-trap": "^4.0.2",
        "tslib": "^1.9.3"
      }
    },
    "@mongol/dom": {
      "version": "1.0.1",
      "requires": {
        "tslib": "^1.9.3"
      }
    },
    "@mongol/drawer": {
      "version": "1.0.1",
      "requires": {
        "focus-trap": "^4.0.2",
        "tslib": "^1.9.3"
      }
    },
    "@mongol/elevation": {
      "version": "1.0.0"
    },
    "@mongol/fab": {
      "version": "1.0.1"
    },
    "@mongol/feature-targeting": {
      "version": "0.44.1"
    },
    "@mongol/floating-label": {
      "version": "1.0.0",
      "requires": {
        "tslib": "^1.9.3"
      }
    },
    "@mongol/form-field": {
      "version": "1.0.1",
      "requires": {
        "tslib": "^1.9.3"
      }
    },
    "@mongol/grid-list": {
      "version": "1.0.1",
      "requires": {
        "tslib": "^1.9.3"
      }
    },
    "@mongol/icon-button": {
      "version": "1.0.1",
      "requires": {
        "tslib": "^1.9.3"
      }
    },
    "@mongol/image-list": {
      "version": "1.0.0"
    },
    "@mongol/layout-grid": {
      "version": "0.41.0"
    },
    "@mongol/line-ripple": {
      "version": "1.0.0",
      "requires": {
        "tslib": "^1.9.3"
      }
    },
    "@mongol/linear-progress": {
      "version": "1.0.0",
      "requires": {
        "tslib": "^1.9.3"
      }
    },
    "@mongol/list": {
      "version": "1.0.1",
      "requires": {
        "tslib": "^1.9.3"
      }
    },
    "@mongol/menu": {
      "version": "1.0.1",
      "requires": {
        "tslib": "^1.9.3"
      }
    },
    "@mongol/menu-surface": {
      "version": "1.0.1",
      "requires": {
        "tslib": "^1.9.3"
      }
    },
    "@mongol/notched-outline": {
      "version": "1.0.0",
      "requires": {
        "tslib": "^1.9.3"
      }
    },
    "@mongol/radio": {
      "version": "1.0.1",
      "requires": {
        "tslib": "^1.9.3"
      }
    },
    "@mongol/ripple": {
      "version": "1.0.1",
      "requires": {
        "tslib": "^1.9.3"
      }
    },
    "@mongol/rtl": {
      "version": "0.42.0"
    },
    "@mongol/select": {
      "version": "1.0.1",
      "requires": {
        "tslib": "^1.9.3"
      }
    },
    "@mongol/shape": {
      "version": "1.0.0"
    },
    "@mongol/slider": {
      "version": "1.0.0",
      "requires": {
        "tslib": "^1.9.3"
      }
    },
    "@mongol/snackbar": {
      "version": "1.0.1",
      "requires": {
        "tslib": "^1.9.3"
      }
    },
    "@mongol/switch": {
      "version": "1.0.1",
      "requires": {
        "tslib": "^1.9.3"
      }
    },
    "@mongol/tab": {
      "version": "1.0.1",
      "requires": {
        "tslib": "^1.9.3"
      }
    },
    "@mongol/tab-bar": {
      "version": "1.0.1",
      "requires": {
        "tslib": "^1.9.3"
      }
    },
    "@mongol/tab-indicator": {
      "version": "1.0.0",
      "requires": {
        "tslib": "^1.9.3"
      }
    },
    "@mongol/tab-scroller": {
      "version": "1.0.1",
      "requires": {
        "tslib": "^1.9.3"
      }
    },
    "@mongol/textfield": {
      "version": "1.0.1",
      "requires": {
        "tslib": "^1.9.3"
      }
    },
    "@mongol/theme": {
      "version": "1.0.0"
    },
    "@mongol/toolbar": {
      "version": "1.0.1",
      "requires": {
        "tslib": "^1.9.3"
      }
    },
    "@mongol/top-app-bar": {
      "version": "1.0.1",
      "requires": {
        "tslib": "^1.9.3"
      }
    },
    "@mongol/typography": {
      "version": "1.0.0"
    }
  }
}
