{
  "name": "@mongol/elevation",
  "version": "1.0.0",
  "lockfileVersion": 1,
  "requires": true,
  "dependencies": {
    "@mongol/animation": {
      "version": "1.0.0",
      "requires": {
        "tslib": "^1.9.3"
      }
    },
    "@mongol/feature-targeting": {
      "version": "0.44.1"
    },
    "@mongol/theme": {
      "version": "1.0.0",
      "requires": {
        "@mongol/feature-targeting": "^0.44.1"
      }
    }
  }
}
