{
  "name": "@mongol/button",
  "version": "1.0.1",
  "lockfileVersion": 1,
  "requires": true,
  "dependencies": {
    "@mongol/elevation": {
      "version": "1.0.0",
      "requires": {
        "@mongol/animation": "^1.0.0",
        "@mongol/feature-targeting": "^0.44.1",
        "@mongol/theme": "^1.0.0"
      }
    },
    "@mongol/feature-targeting": {
      "version": "0.44.1"
    },
    "@mongol/ripple": {
      "version": "1.0.1",
      "requires": {
        "@mongol/animation": "^1.0.0",
        "@mongol/base": "^1.0.0",
        "@mongol/dom": "^1.0.1",
        "@mongol/feature-targeting": "^0.44.1",
        "@mongol/theme": "^1.0.0",
        "tslib": "^1.9.3"
      }
    },
    "@mongol/rtl": {
      "version": "0.42.0"
    },
    "@mongol/shape": {
      "version": "1.0.0",
      "requires": {
        "@mongol/feature-targeting": "^0.44.1"
      }
    },
    "@mongol/theme": {
      "version": "1.0.0",
      "requires": {
        "@mongol/feature-targeting": "^0.44.1"
      }
    },
    "@mongol/typography": {
      "version": "1.0.0",
      "requires": {
        "@mongol/feature-targeting": "^0.44.1"
      }
    }
  }
}
